<?xml version="1.0" encoding="utf-8"?>
<Project ToolsVersion="4.0" xmlns="http://schemas.microsoft.com/developer/msbuild/2003">
  <ItemGroup>
    <Filter Include="imgui">
      <UniqueIdentifier>{c6daa391-9c50-4f7c-b0b3-0c4747f27ba6}</UniqueIdentifier>
    </Filter>
    <Filter Include="sources">
      <UniqueIdentifier>{8f271e6e-f859-4957-a727-0bf68ef7c075}</UniqueIdentifier>
    </Filter>
    <Filter Include="sources\backends">
      <UniqueIdentifier>{252bfe01-ea95-4156-aa65-f3be04ac7b34}</UniqueIdentifier>
    </Filter>
    <Filter Include="gl3w">
      <UniqueIdentifier>{25853280-c577-4418-9234-9fdfc6da9f85}</UniqueIdentifier>
    </Filter>
    <Filter Include="glad">
      <UniqueIdentifier>{e4cb85a3-c872-4c8a-a3dc-20df4e0f8bb8}</UniqueIdentifier>
    </Filter>
    <Filter Include="sources\shaders">
      <UniqueIdentifier>{108c06a5-c596-4d7b-b72c-941078886ab5}</UniqueIdentifier>
    </Filter>
    <Filter Include="includes">
      <UniqueIdentifier>{eb78eaa4-b036-41c0-a00e-f1aa0df8f44c}</UniqueIdentifier>
    </Filter>
    <Filter Include="sources\ui">
      <UniqueIdentifier>{90d77f5b-be73-4ee9-8207-2769b7a22c23}</UniqueIdentifier>
    </Filter>
    <Filter Include="sources\shaders\1. getting_started">
      <UniqueIdentifier>{5d2b8090-eaac-4539-a67c-0b631fd167b5}</UniqueIdentifier>
    </Filter>
    <Filter Include="sources\shaders\2. lighting">
      <UniqueIdentifier>{dcdaf07e-5703-4c69-9681-ff543ee07237}</UniqueIdentifier>
    </Filter>
    <Filter Include="sources\shaders\2. lighting\2.2 basic_light">
      <UniqueIdentifier>{a14e8f7e-83c1-4194-b29c-cd7650d45f54}</UniqueIdentifier>
    </Filter>
    <Filter Include="sources\shaders\2. lighting\2.3 materials">
      <UniqueIdentifier>{9ece8336-309b-44df-ac1c-60de0c1bdb22}</UniqueIdentifier>
    </Filter>
    <Filter Include="sources\shaders\2. lighting\2.4 lighting_maps">
      <UniqueIdentifier>{8996dbc2-4a83-4606-b19e-ee2bce229c08}</UniqueIdentifier>
    </Filter>
    <Filter Include="sources\shaders\2. lighting\2.5 casters">
      <UniqueIdentifier>{5f0cca01-8e10-44c7-8b64-b3d778a2a446}</UniqueIdentifier>
    </Filter>
    <Filter Include="sources\shaders\3. model">
      <UniqueIdentifier>{a9368f12-a68c-4cfc-83ec-449138668836}</UniqueIdentifier>
    </Filter>
  </ItemGroup>
  <ItemGroup>
    <ClCompile Include="imgui\imgui.cpp">
      <Filter>imgui</Filter>
    </ClCompile>
    <ClCompile Include="imgui\imgui_demo.cpp">
      <Filter>imgui</Filter>
    </ClCompile>
    <ClCompile Include="imgui\imgui_draw.cpp">
      <Filter>imgui</Filter>
    </ClCompile>
    <ClCompile Include="imgui\imgui_tables.cpp">
      <Filter>imgui</Filter>
    </ClCompile>
    <ClCompile Include="imgui\imgui_widgets.cpp">
      <Filter>imgui</Filter>
    </ClCompile>
    <ClCompile Include="sources\backends\imgui_impl_glfw.cpp">
      <Filter>sources\backends</Filter>
    </ClCompile>
    <ClCompile Include="sources\backends\imgui_impl_opengl3.cpp">
      <Filter>sources\backends</Filter>
    </ClCompile>
    <ClCompile Include="libs\gl3w\GL\gl3w.c">
      <Filter>gl3w</Filter>
    </ClCompile>
    <ClCompile Include="libs\glad\glad.c">
      <Filter>glad</Filter>
    </ClCompile>
    <ClCompile Include="sources\sparkler.cpp">
      <Filter>sources</Filter>
    </ClCompile>
    <ClCompile Include="sources\ui\console.cpp">
      <Filter>sources\ui</Filter>
    </ClCompile>
    <ClCompile Include="sources\ui\cad.cpp">
      <Filter>sources\ui</Filter>
    </ClCompile>
    <ClCompile Include="sources\shaders\2. lighting\2.5 casters\2.5 backup.cpp">
      <Filter>sources\shaders\2. lighting\2.5 casters</Filter>
    </ClCompile>
    <ClCompile Include="sources\shaders\2. lighting\2.4 lighting_maps\2.4 backup.cpp">
      <Filter>sources\shaders\2. lighting\2.4 lighting_maps</Filter>
    </ClCompile>
    <ClCompile Include="sources\shaders\2. lighting\2.5 casters\2.5 backup2.cpp">
      <Filter>sources\shaders\2. lighting\2.5 casters</Filter>
    </ClCompile>
  </ItemGroup>
  <ItemGroup>
    <ClInclude Include="imgui\imconfig.h">
      <Filter>imgui</Filter>
    </ClInclude>
    <ClInclude Include="imgui\imgui.h">
      <Filter>imgui</Filter>
    </ClInclude>
    <ClInclude Include="imgui\imgui_internal.h">
      <Filter>imgui</Filter>
    </ClInclude>
    <ClInclude Include="sources\backends\imgui_impl_glfw.h">
      <Filter>sources\backends</Filter>
    </ClInclude>
    <ClInclude Include="sources\backends\imgui_impl_opengl3.h">
      <Filter>sources\backends</Filter>
    </ClInclude>
    <ClInclude Include="libs\gl3w\GL\gl3w.h">
      <Filter>gl3w</Filter>
    </ClInclude>
    <ClInclude Include="libs\gl3w\GL\glcorearb.h">
      <Filter>gl3w</Filter>
    </ClInclude>
    <ClInclude Include="sources\const.h">
      <Filter>sources</Filter>
    </ClInclude>
    <ClInclude Include="includes\stb_image.h">
      <Filter>includes</Filter>
    </ClInclude>
    <ClInclude Include="sources\camera.h">
      <Filter>sources</Filter>
    </ClInclude>
    <ClInclude Include="sources\shader.h">
      <Filter>sources</Filter>
    </ClInclude>
    <ClInclude Include="sources\ui\console.h">
      <Filter>sources\ui</Filter>
    </ClInclude>
    <ClInclude Include="sources\ui\cad.h">
      <Filter>sources\ui</Filter>
    </ClInclude>
    <ClInclude Include="sources\global.h">
      <Filter>sources</Filter>
    </ClInclude>
    <ClInclude Include="sources\texture.h">
      <Filter>sources</Filter>
    </ClInclude>
    <ClInclude Include="sources\shaders\2. lighting\2.5 casters\cube_lighted_spot.frag">
      <Filter>sources\shaders\2. lighting\2.5 casters</Filter>
    </ClInclude>
    <ClInclude Include="sources\model.h">
      <Filter>sources</Filter>
    </ClInclude>
  </ItemGroup>
  <ItemGroup>
    <None Include="sources\shaders\default_fragment_shader.frag">
      <Filter>sources\shaders</Filter>
    </None>
    <None Include="sources\shaders\default_vertex_shader.vert">
      <Filter>sources\shaders</Filter>
    </None>
    <None Include="sources\shaders\1. getting_started\texture_mix.frag">
      <Filter>sources\shaders\1. getting_started</Filter>
    </None>
    <None Include="sources\shaders\2. lighting\light.frag">
      <Filter>sources\shaders\2. lighting</Filter>
    </None>
    <None Include="sources\shaders\2. lighting\light.vert">
      <Filter>sources\shaders\2. lighting</Filter>
    </None>
    <None Include="sources\shaders\2. lighting\2.2 basic_light\cube_lighted.frag">
      <Filter>sources\shaders\2. lighting\2.2 basic_light</Filter>
    </None>
    <None Include="sources\shaders\2. lighting\2.2 basic_light\cube_lighted.vert">
      <Filter>sources\shaders\2. lighting\2.2 basic_light</Filter>
    </None>
    <None Include="sources\shaders\2. lighting\2.2 basic_light\gouraund.frag">
      <Filter>sources\shaders\2. lighting\2.2 basic_light</Filter>
    </None>
    <None Include="sources\shaders\2. lighting\2.2 basic_light\gouraund.vert">
      <Filter>sources\shaders\2. lighting\2.2 basic_light</Filter>
    </None>
    <None Include="sources\shaders\2. lighting\2.3 materials\cube_add_material.frag">
      <Filter>sources\shaders\2. lighting\2.3 materials</Filter>
    </None>
    <None Include="sources\shaders\2. lighting\2.3 materials\cube_lighted.vert">
      <Filter>sources\shaders\2. lighting\2.3 materials</Filter>
    </None>
    <None Include="sources\shaders\2. lighting\2.4 lighting_maps\cube_add_maps.frag">
      <Filter>sources\shaders\2. lighting\2.4 lighting_maps</Filter>
    </None>
    <None Include="sources\shaders\2. lighting\2.4 lighting_maps\cube_add_maps.vert">
      <Filter>sources\shaders\2. lighting\2.4 lighting_maps</Filter>
    </None>
    <None Include="sources\shaders\2. lighting\2.5 casters\cube_lighted_directional.frag">
      <Filter>sources\shaders\2. lighting\2.5 casters</Filter>
    </None>
    <None Include="sources\shaders\2. lighting\2.5 casters\cube_lighted_point.frag">
      <Filter>sources\shaders\2. lighting\2.5 casters</Filter>
    </None>
    <None Include="sources\shaders\2. lighting\2.5 casters\cube_lighted.vert">
      <Filter>sources\shaders\2. lighting\2.5 casters</Filter>
    </None>
    <None Include="sources\shaders\2. lighting\2.5 casters\cube_lighted.frag">
      <Filter>sources\shaders\2. lighting\2.5 casters</Filter>
    </None>
    <None Include="sources\shaders\3. model\multi_light.frag">
      <Filter>sources\shaders\3. model</Filter>
    </None>
    <None Include="sources\shaders\3. model\multi_light.vert">
      <Filter>sources\shaders\3. model</Filter>
    </None>
    <None Include="sources\shaders\3. model\light.vert">
      <Filter>sources\shaders\3. model</Filter>
    </None>
    <None Include="sources\shaders\3. model\light.frag">
      <Filter>sources\shaders\3. model</Filter>
    </None>
    <None Include="sources\shaders\3. model\load_test.vert">
      <Filter>sources\shaders\3. model</Filter>
    </None>
    <None Include="sources\shaders\3. model\load_test.frag">
      <Filter>sources\shaders\3. model</Filter>
    </None>
  </ItemGroup>
</Project>